
Microsoft Visual Studio Solution File, Format Version 12.00
# Visual Studio Version 16
VisualStudioVersion = 16.0.29020.237
MinimumVisualStudioVersion = 10.0.40219.1
Project("{FAE04EC0-301F-11D3-BF4B-00C04F79EFBC}") = "ImageClassifierFromLinqPad", "ImageClassifierFromLinqPad.csproj", "{461031B3-2587-4ECE-A107-6E639D1C3F2C}"
EndProject
Global
	GlobalSection(SolutionConfigurationPlatforms) = preSolution
		Debug|Any CPU = Debug|Any CPU
		Release|Any CPU = Release|Any CPU
	EndGlobalSection
	GlobalSection(ProjectConfigurationPlatforms) = postSolution
		{461031B3-2587-4ECE-A107-6E639D1C3F2C}.Debug|Any CPU.ActiveCfg = Debug|Any CPU
		{461031B3-2587-4ECE-A107-6E639D1C3F2C}.Debug|Any CPU.Build.0 = Debug|Any CPU
		{461031B3-2587-4ECE-A107-6E639D1C3F2C}.Release|Any CPU.ActiveCfg = Release|Any CPU
		{461031B3-2587-4ECE-A107-6E639D1C3F2C}.Release|Any CPU.Build.0 = Release|Any CPU
	EndGlobalSection
	GlobalSection(SolutionProperties) = preSolution
		HideSolutionNode = FALSE
	EndGlobalSection
	GlobalSection(ExtensibilityGlobals) = postSolution
		SolutionGuid = {EC74E9F2-EA90-4603-B62F-BB167525A3BD}
	EndGlobalSection
EndGlobal
